
Microsoft Visual Studio Solution File, Format Version 12.00
# Visual Studio 14
VisualStudioVersion = 14.0.25420.1
MinimumVisualStudioVersion = 10.0.40219.1
Project("{FAE04EC0-301F-11D3-BF4B-00C04F79EFBC}") = "IsHappy", "IsHappy\IsHappy.csproj", "{A222202D-850A-43FF-B0C5-491908E9FBC2}"
EndProject
Project("{FAE04EC0-301F-11D3-BF4B-00C04F79EFBC}") = "IsHappyTests", "IsHappyTests\IsHappyTests.csproj", "{6F553364-C07D-49F1-A43D-00E02EC77982}"
EndProject
Global
	GlobalSection(SolutionConfigurationPlatforms) = preSolution
		Debug|Any CPU = Debug|Any CPU
		Release|Any CPU = Release|Any CPU
	EndGlobalSection
	GlobalSection(ProjectConfigurationPlatforms) = postSolution
		{A222202D-850A-43FF-B0C5-491908E9FBC2}.Debug|Any CPU.ActiveCfg = Debug|Any CPU
		{A222202D-850A-43FF-B0C5-491908E9FBC2}.Debug|Any CPU.Build.0 = Debug|Any CPU
		{A222202D-850A-43FF-B0C5-491908E9FBC2}.Release|Any CPU.ActiveCfg = Release|Any CPU
		{A222202D-850A-43FF-B0C5-491908E9FBC2}.Release|Any CPU.Build.0 = Release|Any CPU
		{6F553364-C07D-49F1-A43D-00E02EC77982}.Debug|Any CPU.ActiveCfg = Debug|Any CPU
		{6F553364-C07D-49F1-A43D-00E02EC77982}.Debug|Any CPU.Build.0 = Debug|Any CPU
		{6F553364-C07D-49F1-A43D-00E02EC77982}.Release|Any CPU.ActiveCfg = Release|Any CPU
		{6F553364-C07D-49F1-A43D-00E02EC77982}.Release|Any CPU.Build.0 = Release|Any CPU
	EndGlobalSection
	GlobalSection(SolutionProperties) = preSolution
		HideSolutionNode = FALSE
	EndGlobalSection
EndGlobal
